
Microsoft Visual Studio Solution File, Format Version 12.00
Project("{FAE04EC0-301F-11D3-BF4B-00C04F79EFBC}") = "nunit-selenious-example", "nunit-selenious-example\nunit-selenious-example.csproj", "{BFEAE968-2EA7-4C90-943F-E67734E3A3E3}"
EndProject
Global
	GlobalSection(SolutionConfigurationPlatforms) = preSolution
		Debug|Any CPU = Debug|Any CPU
		Release|Any CPU = Release|Any CPU
	EndGlobalSection
	GlobalSection(ProjectConfigurationPlatforms) = postSolution
		{BFEAE968-2EA7-4C90-943F-E67734E3A3E3}.Debug|Any CPU.ActiveCfg = Debug|Any CPU
		{BFEAE968-2EA7-4C90-943F-E67734E3A3E3}.Debug|Any CPU.Build.0 = Debug|Any CPU
		{BFEAE968-2EA7-4C90-943F-E67734E3A3E3}.Release|Any CPU.ActiveCfg = Release|Any CPU
		{BFEAE968-2EA7-4C90-943F-E67734E3A3E3}.Release|Any CPU.Build.0 = Release|Any CPU
	EndGlobalSection
EndGlobal
